
Microsoft Visual Studio Solution File, Format Version 12.00
# Visual Studio Version 17
VisualStudioVersion = 17.6.33829.357
MinimumVisualStudioVersion = 10.0.40219.1
Project("{9A19103F-16F7-4668-BE54-9A1E7A4F7556}") = "InvestmentManagement.API", "InvestmentManagement.API\InvestmentManagement.API.csproj", "{DD43871C-F584-4EC5-A9D3-E63E23E58851}"
EndProject
Project("{9A19103F-16F7-4668-BE54-9A1E7A4F7556}") = "InvestmentManagement.Tests", "InvestmentManagement.Tests\InvestmentManagement.Tests.csproj", "{D8E93221-9C9A-4B5A-954A-F11844BE5703}"
EndProject
Project("{9A19103F-16F7-4668-BE54-9A1E7A4F7556}") = "InvestmentManagement.Domain", "InvestmentManagement.Domain\InvestmentManagement.Domain.csproj", "{735A19BC-E67F-49E4-BB34-769268E3C9B1}"
EndProject
Project("{9A19103F-16F7-4668-BE54-9A1E7A4F7556}") = "InvestmentManagement.Infrastructure", "InvestmentManagement.Infrastructure\InvestmentManagement.Infrastructure.csproj", "{AE02851E-6E93-41CD-8CFA-32843824E2F2}"
EndProject
Project("{2150E333-8FDC-42A3-9474-1A3956D46DE8}") = "src", "src", "{0FFBD699-B836-4780-85B7-68A1B4092897}"
EndProject
Project("{2150E333-8FDC-42A3-9474-1A3956D46DE8}") = "tests", "tests", "{37C18BFE-B5A8-487D-BCAC-DA76D2CFD1B3}"
EndProject
Global
	GlobalSection(SolutionConfigurationPlatforms) = preSolution
		Debug|Any CPU = Debug|Any CPU
		Release|Any CPU = Release|Any CPU
	EndGlobalSection
	GlobalSection(ProjectConfigurationPlatforms) = postSolution
		{DD43871C-F584-4EC5-A9D3-E63E23E58851}.Debug|Any CPU.ActiveCfg = Debug|Any CPU
		{DD43871C-F584-4EC5-A9D3-E63E23E58851}.Debug|Any CPU.Build.0 = Debug|Any CPU
		{DD43871C-F584-4EC5-A9D3-E63E23E58851}.Release|Any CPU.ActiveCfg = Release|Any CPU
		{DD43871C-F584-4EC5-A9D3-E63E23E58851}.Release|Any CPU.Build.0 = Release|Any CPU
		{D8E93221-9C9A-4B5A-954A-F11844BE5703}.Debug|Any CPU.ActiveCfg = Debug|Any CPU
		{D8E93221-9C9A-4B5A-954A-F11844BE5703}.Debug|Any CPU.Build.0 = Debug|Any CPU
		{D8E93221-9C9A-4B5A-954A-F11844BE5703}.Release|Any CPU.ActiveCfg = Release|Any CPU
		{D8E93221-9C9A-4B5A-954A-F11844BE5703}.Release|Any CPU.Build.0 = Release|Any CPU
		{735A19BC-E67F-49E4-BB34-769268E3C9B1}.Debug|Any CPU.ActiveCfg = Debug|Any CPU
		{735A19BC-E67F-49E4-BB34-769268E3C9B1}.Debug|Any CPU.Build.0 = Debug|Any CPU
		{735A19BC-E67F-49E4-BB34-769268E3C9B1}.Release|Any CPU.ActiveCfg = Release|Any CPU
		{735A19BC-E67F-49E4-BB34-769268E3C9B1}.Release|Any CPU.Build.0 = Release|Any CPU
		{AE02851E-6E93-41CD-8CFA-32843824E2F2}.Debug|Any CPU.ActiveCfg = Debug|Any CPU
		{AE02851E-6E93-41CD-8CFA-32843824E2F2}.Debug|Any CPU.Build.0 = Debug|Any CPU
		{AE02851E-6E93-41CD-8CFA-32843824E2F2}.Release|Any CPU.ActiveCfg = Release|Any CPU
		{AE02851E-6E93-41CD-8CFA-32843824E2F2}.Release|Any CPU.Build.0 = Release|Any CPU
	EndGlobalSection
	GlobalSection(SolutionProperties) = preSolution
		HideSolutionNode = FALSE
	EndGlobalSection
	GlobalSection(NestedProjects) = preSolution
		{DD43871C-F584-4EC5-A9D3-E63E23E58851} = {0FFBD699-B836-4780-85B7-68A1B4092897}
		{D8E93221-9C9A-4B5A-954A-F11844BE5703} = {37C18BFE-B5A8-487D-BCAC-DA76D2CFD1B3}
		{735A19BC-E67F-49E4-BB34-769268E3C9B1} = {0FFBD699-B836-4780-85B7-68A1B4092897}
		{AE02851E-6E93-41CD-8CFA-32843824E2F2} = {0FFBD699-B836-4780-85B7-68A1B4092897}
	EndGlobalSection
	GlobalSection(ExtensibilityGlobals) = postSolution
		SolutionGuid = {588F8F2C-C2AD-4F61-900D-13F89D03FF9B}
	EndGlobalSection
EndGlobal
